
Microsoft Visual Studio Solution File, Format Version 12.00
# Visual Studio Version 16
VisualStudioVersion = 16.0.29613.14
MinimumVisualStudioVersion = 10.0.40219.1
Project("{FAE04EC0-301F-11D3-BF4B-00C04F79EFBC}") = "AOC2019.Day1", "AOC2019.Day1\AOC2019.Day1.csproj", "{2AF695E4-6A82-4831-9311-AD3C8ECF35A4}"
EndProject
Global
	GlobalSection(SolutionConfigurationPlatforms) = preSolution
		Debug|Any CPU = Debug|Any CPU
		Release|Any CPU = Release|Any CPU
	EndGlobalSection
	GlobalSection(ProjectConfigurationPlatforms) = postSolution
		{2AF695E4-6A82-4831-9311-AD3C8ECF35A4}.Debug|Any CPU.ActiveCfg = Debug|Any CPU
		{2AF695E4-6A82-4831-9311-AD3C8ECF35A4}.Debug|Any CPU.Build.0 = Debug|Any CPU
		{2AF695E4-6A82-4831-9311-AD3C8ECF35A4}.Release|Any CPU.ActiveCfg = Release|Any CPU
		{2AF695E4-6A82-4831-9311-AD3C8ECF35A4}.Release|Any CPU.Build.0 = Release|Any CPU
	EndGlobalSection
	GlobalSection(SolutionProperties) = preSolution
		HideSolutionNode = FALSE
	EndGlobalSection
	GlobalSection(ExtensibilityGlobals) = postSolution
		SolutionGuid = {2BB2E66A-862B-4C1B-AF01-B3DF752647E2}
	EndGlobalSection
EndGlobal
